{
  "name": "node-red-contrib-influxdb",
  "version": "0.5.0",
  "lockfileVersion": 1,
  "requires": true,
  "dependencies": {
    "@influxdata/influxdb-client": {
      "version": "1.7.1",
      "resolved": "https://registry.npmjs.org/@influxdata/influxdb-client/-/influxdb-client-1.7.1.tgz",
      "integrity": "sha512-/ootY6PyhtDkAT7iufqX5EX+iFqzTq3ZMOQrbJGLGqh21L8OgSmD9zUxTowJXS5FE5ugkHIFgEUkW1/87AArwA=="
    },
    "influx": {
      "version": "5.6.3",
      "resolved": "https://registry.npmjs.org/influx/-/influx-5.6.3.tgz",
      "integrity": "sha512-j2biV776HXb2IbIcp2G24w50IqIWENDnKitm0Vj54vlpw9EfGzY7x7ndCRZSGzzm4fyDLSDQ+/cypZQpuDQxyA=="
    },
    "lodash": {
      "version": "4.17.20",
      "resolved": "https://registry.npmjs.org/lodash/-/lodash-4.17.20.tgz",
      "integrity": "sha512-PlhdFcillOINfeV7Ni6oF1TAEayyZBoZ8bcshTHqOYJYlrqzRK5hagpagky5o4HfCzzd1TRkXPMFq6cKk9rGmA=="
    }
  }
}
